
Microsoft Visual Studio Solution File, Format Version 12.00
# Visual Studio 15
VisualStudioVersion = 15.0.28307.1684
MinimumVisualStudioVersion = 10.0.40219.1
Project("{9A19103F-16F7-4668-BE54-9A1E7A4F7556}") = "ClassIntro", "ClassIntro\ClassIntro.csproj", "{6FDF66CB-8469-4709-8933-A76009DEADF3}"
EndProject
Project("{9A19103F-16F7-4668-BE54-9A1E7A4F7556}") = "Methodlar", "Methodlar\Methodlar.csproj", "{6C393B2F-859C-46EE-969D-FEE16A1D7454}"
EndProject
Project("{9A19103F-16F7-4668-BE54-9A1E7A4F7556}") = "matematik", "matematik\matematik.csproj", "{FE9A1ABB-4DE7-4640-9A5C-68505EE31E31}"
EndProject
Project("{9A19103F-16F7-4668-BE54-9A1E7A4F7556}") = "DegerVeReferansTipler", "DegerVeReferansTipler\DegerVeReferansTipler.csproj", "{56E324A8-4CBE-4B48-A737-861DFB7E1337}"
EndProject
Global
	GlobalSection(SolutionConfigurationPlatforms) = preSolution
		Debug|Any CPU = Debug|Any CPU
		Release|Any CPU = Release|Any CPU
	EndGlobalSection
	GlobalSection(ProjectConfigurationPlatforms) = postSolution
		{6FDF66CB-8469-4709-8933-A76009DEADF3}.Debug|Any CPU.ActiveCfg = Debug|Any CPU
		{6FDF66CB-8469-4709-8933-A76009DEADF3}.Debug|Any CPU.Build.0 = Debug|Any CPU
		{6FDF66CB-8469-4709-8933-A76009DEADF3}.Release|Any CPU.ActiveCfg = Release|Any CPU
		{6FDF66CB-8469-4709-8933-A76009DEADF3}.Release|Any CPU.Build.0 = Release|Any CPU
		{6C393B2F-859C-46EE-969D-FEE16A1D7454}.Debug|Any CPU.ActiveCfg = Debug|Any CPU
		{6C393B2F-859C-46EE-969D-FEE16A1D7454}.Debug|Any CPU.Build.0 = Debug|Any CPU
		{6C393B2F-859C-46EE-969D-FEE16A1D7454}.Release|Any CPU.ActiveCfg = Release|Any CPU
		{6C393B2F-859C-46EE-969D-FEE16A1D7454}.Release|Any CPU.Build.0 = Release|Any CPU
		{FE9A1ABB-4DE7-4640-9A5C-68505EE31E31}.Debug|Any CPU.ActiveCfg = Debug|Any CPU
		{FE9A1ABB-4DE7-4640-9A5C-68505EE31E31}.Debug|Any CPU.Build.0 = Debug|Any CPU
		{FE9A1ABB-4DE7-4640-9A5C-68505EE31E31}.Release|Any CPU.ActiveCfg = Release|Any CPU
		{FE9A1ABB-4DE7-4640-9A5C-68505EE31E31}.Release|Any CPU.Build.0 = Release|Any CPU
		{56E324A8-4CBE-4B48-A737-861DFB7E1337}.Debug|Any CPU.ActiveCfg = Debug|Any CPU
		{56E324A8-4CBE-4B48-A737-861DFB7E1337}.Debug|Any CPU.Build.0 = Debug|Any CPU
		{56E324A8-4CBE-4B48-A737-861DFB7E1337}.Release|Any CPU.ActiveCfg = Release|Any CPU
		{56E324A8-4CBE-4B48-A737-861DFB7E1337}.Release|Any CPU.Build.0 = Release|Any CPU
	EndGlobalSection
	GlobalSection(SolutionProperties) = preSolution
		HideSolutionNode = FALSE
	EndGlobalSection
	GlobalSection(ExtensibilityGlobals) = postSolution
		SolutionGuid = {5CCCC820-7C23-416A-AB20-2016B2308531}
	EndGlobalSection
EndGlobal
